// !$*UTF8*$!
{
	archiveVersion = 1;
	classes = {
	};
	objectVersion = 77;
	objects = {

/* Begin PBXBuildFile section */
		726D19A3578F9A2FADDC5277 /* Pods_MediaApp.framework in Frameworks */ = {isa = PBXBuildFile; fileRef = F4D331A6FC25F5A447E845A2 /* Pods_MediaApp.framework */; };
		826B19672D103AA10056D4F9 /* AppDelegate.swift in Sources */ = {isa = PBXBuildFile; fileRef = 826B195D2D103AA10056D4F9 /* AppDelegate.swift */; };
		826B19682D103AA10056D4F9 /* SceneDelegate.swift in Sources */ = {isa = PBXBuildFile; fileRef = 826B19642D103AA10056D4F9 /* SceneDelegate.swift */; };
		826B19692D103AA10056D4F9 /* RandomViewController.swift in Sources */ = {isa = PBXBuildFile; fileRef = 826B19652D103AA10056D4F9 /* RandomViewController.swift */; };
		826B196A2D103AA10056D4F9 /* Assets.xcassets in Resources */ = {isa = PBXBuildFile; fileRef = 826B195E2D103AA10056D4F9 /* Assets.xcassets */; };
		826B196C2D103AA10056D4F9 /* LaunchScreen.storyboard in Resources */ = {isa = PBXBuildFile; fileRef = 826B19612D103AA10056D4F9 /* LaunchScreen.storyboard */; };
		826B196F2D103DA30056D4F9 /* .gitignore in Resources */ = {isa = PBXBuildFile; fileRef = 826B196E2D103DA30056D4F9 /* .gitignore */; };
		826B19782D1052D50056D4F9 /* FavoriteViewController.swift in Sources */ = {isa = PBXBuildFile; fileRef = 826B19772D1052D50056D4F9 /* FavoriteViewController.swift */; };
		826B197A2D1052DD0056D4F9 /* DetailViewController.swift in Sources */ = {isa = PBXBuildFile; fileRef = 826B19792D1052DD0056D4F9 /* DetailViewController.swift */; };
		826B19852D10543A0056D4F9 /* RandomPresenter.swift in Sources */ = {isa = PBXBuildFile; fileRef = 826B19842D1054330056D4F9 /* RandomPresenter.swift */; };
		826B19872D1054CA0056D4F9 /* Router.swift in Sources */ = {isa = PBXBuildFile; fileRef = 826B19862D1054C80056D4F9 /* Router.swift */; };
		826B19892D1055940056D4F9 /* Assembly.swift in Sources */ = {isa = PBXBuildFile; fileRef = 826B19882D1055940056D4F9 /* Assembly.swift */; };
		826B198B2D105B960056D4F9 /* FavoritePresenter.swift in Sources */ = {isa = PBXBuildFile; fileRef = 826B198A2D105B900056D4F9 /* FavoritePresenter.swift */; };
		826B198D2D105BC60056D4F9 /* DetailPresenter.swift in Sources */ = {isa = PBXBuildFile; fileRef = 826B198C2D105BC10056D4F9 /* DetailPresenter.swift */; };
		826B198F2D10730D0056D4F9 /* GlobalConstants.swift in Sources */ = {isa = PBXBuildFile; fileRef = 826B198E2D10730D0056D4F9 /* GlobalConstants.swift */; };
		826B19932D107B570056D4F9 /* RandomCollectionViewCell.swift in Sources */ = {isa = PBXBuildFile; fileRef = 826B19922D107B570056D4F9 /* RandomCollectionViewCell.swift */; };
		826B19952D1094C80056D4F9 /* FavoriteTableViewCell.swift in Sources */ = {isa = PBXBuildFile; fileRef = 826B19942D1094C80056D4F9 /* FavoriteTableViewCell.swift */; };
		826B19972D1164AC0056D4F9 /* ImageExtension.swift in Sources */ = {isa = PBXBuildFile; fileRef = 826B19962D1164A40056D4F9 /* ImageExtension.swift */; };
		826B199B2D116AF80056D4F9 /* NetworkRouter.swift in Sources */ = {isa = PBXBuildFile; fileRef = 826B199A2D116AF80056D4F9 /* NetworkRouter.swift */; };
		826B199D2D116B180056D4F9 /* EndPointType.swift in Sources */ = {isa = PBXBuildFile; fileRef = 826B199C2D116B180056D4F9 /* EndPointType.swift */; };
		826B19A02D116B750056D4F9 /* NetworkError.swift in Sources */ = {isa = PBXBuildFile; fileRef = 826B199F2D116B750056D4F9 /* NetworkError.swift */; };
		826B19A22D11802F0056D4F9 /* UnsplashAPIEndPoint.swift in Sources */ = {isa = PBXBuildFile; fileRef = 826B19A12D11802F0056D4F9 /* UnsplashAPIEndPoint.swift */; };
		826B19A42D1180480056D4F9 /* SearchResponse.swift in Sources */ = {isa = PBXBuildFile; fileRef = 826B19A32D1180480056D4F9 /* SearchResponse.swift */; };
		826B19AB2D118F2C0056D4F9 /* PhotoResponse.swift in Sources */ = {isa = PBXBuildFile; fileRef = 826B19AA2D118F2C0056D4F9 /* PhotoResponse.swift */; };
		826B19AD2D118FCB0056D4F9 /* AdditionalStructs.swift in Sources */ = {isa = PBXBuildFile; fileRef = 826B19AC2D118FBA0056D4F9 /* AdditionalStructs.swift */; };
		826B19AF2D11916B0056D4F9 /* RandomResponse.swift in Sources */ = {isa = PBXBuildFile; fileRef = 826B19AE2D11915C0056D4F9 /* RandomResponse.swift */; };
		826B19B12D1193CA0056D4F9 /* NetworkManager.swift in Sources */ = {isa = PBXBuildFile; fileRef = 826B19B02D1193CA0056D4F9 /* NetworkManager.swift */; };
		826B19B52D1197AF0056D4F9 /* ImageLoader.swift in Sources */ = {isa = PBXBuildFile; fileRef = 826B19B42D1197AF0056D4F9 /* ImageLoader.swift */; };
		826B19B72D11AEDB0056D4F9 /* DataManager.swift in Sources */ = {isa = PBXBuildFile; fileRef = 826B19B62D11AED80056D4F9 /* DataManager.swift */; };
		826B19B92D11B1200056D4F9 /* Storage.swift in Sources */ = {isa = PBXBuildFile; fileRef = 826B19B82D11B1200056D4F9 /* Storage.swift */; };
		826B19BB2D11B1490056D4F9 /* CoreDataStorageProtocols.swift in Sources */ = {isa = PBXBuildFile; fileRef = 826B19BA2D11B1380056D4F9 /* CoreDataStorageProtocols.swift */; };
		826B19BD2D11B1690056D4F9 /* StorageError.swift in Sources */ = {isa = PBXBuildFile; fileRef = 826B19BC2D11B1650056D4F9 /* StorageError.swift */; };
		826B19D02D11BA8D0056D4F9 /* MediaModel.xcdatamodeld in Sources */ = {isa = PBXBuildFile; fileRef = 826B19CE2D11BA8D0056D4F9 /* MediaModel.xcdatamodeld */; };
		826B19D32D11BB2E0056D4F9 /* PhotoEntity+CoreDataProperties.swift in Sources */ = {isa = PBXBuildFile; fileRef = 826B19D22D11BB2E0056D4F9 /* PhotoEntity+CoreDataProperties.swift */; };
		826B19D42D11BB2E0056D4F9 /* PhotoEntity+CoreDataClass.swift in Sources */ = {isa = PBXBuildFile; fileRef = 826B19D12D11BB2E0056D4F9 /* PhotoEntity+CoreDataClass.swift */; };
		826B19D72D11BD650056D4F9 /* PhotoKeys.swift in Sources */ = {isa = PBXBuildFile; fileRef = 826B19D62D11BD5E0056D4F9 /* PhotoKeys.swift */; };
		826B19D92D11C1F20056D4F9 /* PhotoInfo.swift in Sources */ = {isa = PBXBuildFile; fileRef = 826B19D82D11C1E80056D4F9 /* PhotoInfo.swift */; };
		826B19DB2D11CD380056D4F9 /* PhotoModel.swift in Sources */ = {isa = PBXBuildFile; fileRef = 826B19DA2D11CD290056D4F9 /* PhotoModel.swift */; };
/* End PBXBuildFile section */

/* Begin PBXFileReference section */
		13995F5C85815FE0562696A6 /* Pods-MediaApp.release.xcconfig */ = {isa = PBXFileReference; includeInIndex = 1; lastKnownFileType = text.xcconfig; name = "Pods-MediaApp.release.xcconfig"; path = "Target Support Files/Pods-MediaApp/Pods-MediaApp.release.xcconfig"; sourceTree = "<group>"; };
		3C4F987F9C904B573D32E597 /* Pods-MediaApp.debug.xcconfig */ = {isa = PBXFileReference; includeInIndex = 1; lastKnownFileType = text.xcconfig; name = "Pods-MediaApp.debug.xcconfig"; path = "Target Support Files/Pods-MediaApp/Pods-MediaApp.debug.xcconfig"; sourceTree = "<group>"; };
		826B19452D1039FA0056D4F9 /* MediaApp.app */ = {isa = PBXFileReference; explicitFileType = wrapper.application; includeInIndex = 0; path = MediaApp.app; sourceTree = BUILT_PRODUCTS_DIR; };
		826B195D2D103AA10056D4F9 /* AppDelegate.swift */ = {isa = PBXFileReference; lastKnownFileType = sourcecode.swift; path = AppDelegate.swift; sourceTree = "<group>"; };
		826B195E2D103AA10056D4F9 /* Assets.xcassets */ = {isa = PBXFileReference; lastKnownFileType = folder.assetcatalog; path = Assets.xcassets; sourceTree = "<group>"; };
		826B195F2D103AA10056D4F9 /* Info.plist */ = {isa = PBXFileReference; lastKnownFileType = text.plist.xml; path = Info.plist; sourceTree = "<group>"; };
		826B19602D103AA10056D4F9 /* Base */ = {isa = PBXFileReference; lastKnownFileType = file.storyboard; name = Base; path = Base.lproj/LaunchScreen.storyboard; sourceTree = "<group>"; };
		826B19642D103AA10056D4F9 /* SceneDelegate.swift */ = {isa = PBXFileReference; lastKnownFileType = sourcecode.swift; path = SceneDelegate.swift; sourceTree = "<group>"; };
		826B19652D103AA10056D4F9 /* RandomViewController.swift */ = {isa = PBXFileReference; lastKnownFileType = sourcecode.swift; path = RandomViewController.swift; sourceTree = "<group>"; };
		826B196E2D103DA30056D4F9 /* .gitignore */ = {isa = PBXFileReference; lastKnownFileType = text; path = .gitignore; sourceTree = "<group>"; };
		826B19772D1052D50056D4F9 /* FavoriteViewController.swift */ = {isa = PBXFileReference; lastKnownFileType = sourcecode.swift; path = FavoriteViewController.swift; sourceTree = "<group>"; };
		826B19792D1052DD0056D4F9 /* DetailViewController.swift */ = {isa = PBXFileReference; lastKnownFileType = sourcecode.swift; path = DetailViewController.swift; sourceTree = "<group>"; };
		826B19842D1054330056D4F9 /* RandomPresenter.swift */ = {isa = PBXFileReference; lastKnownFileType = sourcecode.swift; path = RandomPresenter.swift; sourceTree = "<group>"; };
		826B19862D1054C80056D4F9 /* Router.swift */ = {isa = PBXFileReference; lastKnownFileType = sourcecode.swift; path = Router.swift; sourceTree = "<group>"; };
		826B19882D1055940056D4F9 /* Assembly.swift */ = {isa = PBXFileReference; lastKnownFileType = sourcecode.swift; path = Assembly.swift; sourceTree = "<group>"; };
		826B198A2D105B900056D4F9 /* FavoritePresenter.swift */ = {isa = PBXFileReference; lastKnownFileType = sourcecode.swift; path = FavoritePresenter.swift; sourceTree = "<group>"; };
		826B198C2D105BC10056D4F9 /* DetailPresenter.swift */ = {isa = PBXFileReference; lastKnownFileType = sourcecode.swift; path = DetailPresenter.swift; sourceTree = "<group>"; };
		826B198E2D10730D0056D4F9 /* GlobalConstants.swift */ = {isa = PBXFileReference; lastKnownFileType = sourcecode.swift; path = GlobalConstants.swift; sourceTree = "<group>"; };
		826B19922D107B570056D4F9 /* RandomCollectionViewCell.swift */ = {isa = PBXFileReference; lastKnownFileType = sourcecode.swift; path = RandomCollectionViewCell.swift; sourceTree = "<group>"; };
		826B19942D1094C80056D4F9 /* FavoriteTableViewCell.swift */ = {isa = PBXFileReference; lastKnownFileType = sourcecode.swift; path = FavoriteTableViewCell.swift; sourceTree = "<group>"; };
		826B19962D1164A40056D4F9 /* ImageExtension.swift */ = {isa = PBXFileReference; lastKnownFileType = sourcecode.swift; path = ImageExtension.swift; sourceTree = "<group>"; };
		826B199A2D116AF80056D4F9 /* NetworkRouter.swift */ = {isa = PBXFileReference; lastKnownFileType = sourcecode.swift; path = NetworkRouter.swift; sourceTree = "<group>"; };
		826B199C2D116B180056D4F9 /* EndPointType.swift */ = {isa = PBXFileReference; lastKnownFileType = sourcecode.swift; path = EndPointType.swift; sourceTree = "<group>"; };
		826B199F2D116B750056D4F9 /* NetworkError.swift */ = {isa = PBXFileReference; lastKnownFileType = sourcecode.swift; path = NetworkError.swift; sourceTree = "<group>"; };
		826B19A12D11802F0056D4F9 /* UnsplashAPIEndPoint.swift */ = {isa = PBXFileReference; lastKnownFileType = sourcecode.swift; path = UnsplashAPIEndPoint.swift; sourceTree = "<group>"; };
		826B19A32D1180480056D4F9 /* SearchResponse.swift */ = {isa = PBXFileReference; lastKnownFileType = sourcecode.swift; path = SearchResponse.swift; sourceTree = "<group>"; };
		826B19AA2D118F2C0056D4F9 /* PhotoResponse.swift */ = {isa = PBXFileReference; lastKnownFileType = sourcecode.swift; path = PhotoResponse.swift; sourceTree = "<group>"; };
		826B19AC2D118FBA0056D4F9 /* AdditionalStructs.swift */ = {isa = PBXFileReference; lastKnownFileType = sourcecode.swift; path = AdditionalStructs.swift; sourceTree = "<group>"; };
		826B19AE2D11915C0056D4F9 /* RandomResponse.swift */ = {isa = PBXFileReference; lastKnownFileType = sourcecode.swift; path = RandomResponse.swift; sourceTree = "<group>"; };
		826B19B02D1193CA0056D4F9 /* NetworkManager.swift */ = {isa = PBXFileReference; lastKnownFileType = sourcecode.swift; path = NetworkManager.swift; sourceTree = "<group>"; };
		826B19B42D1197AF0056D4F9 /* ImageLoader.swift */ = {isa = PBXFileReference; lastKnownFileType = sourcecode.swift; path = ImageLoader.swift; sourceTree = "<group>"; };
		826B19B62D11AED80056D4F9 /* DataManager.swift */ = {isa = PBXFileReference; lastKnownFileType = sourcecode.swift; path = DataManager.swift; sourceTree = "<group>"; };
		826B19B82D11B1200056D4F9 /* Storage.swift */ = {isa = PBXFileReference; lastKnownFileType = sourcecode.swift; path = Storage.swift; sourceTree = "<group>"; };
		826B19BA2D11B1380056D4F9 /* CoreDataStorageProtocols.swift */ = {isa = PBXFileReference; lastKnownFileType = sourcecode.swift; path = CoreDataStorageProtocols.swift; sourceTree = "<group>"; };
		826B19BC2D11B1650056D4F9 /* StorageError.swift */ = {isa = PBXFileReference; lastKnownFileType = sourcecode.swift; path = StorageError.swift; sourceTree = "<group>"; };
		826B19CF2D11BA8D0056D4F9 /* MediaModel.xcdatamodel */ = {isa = PBXFileReference; lastKnownFileType = wrapper.xcdatamodel; path = MediaModel.xcdatamodel; sourceTree = "<group>"; };
		826B19D12D11BB2E0056D4F9 /* PhotoEntity+CoreDataClass.swift */ = {isa = PBXFileReference; lastKnownFileType = sourcecode.swift; name = "PhotoEntity+CoreDataClass.swift"; path = "MediaApp/PhotoEntity+CoreDataClass.swift"; sourceTree = SOURCE_ROOT; };
		826B19D22D11BB2E0056D4F9 /* PhotoEntity+CoreDataProperties.swift */ = {isa = PBXFileReference; lastKnownFileType = sourcecode.swift; name = "PhotoEntity+CoreDataProperties.swift"; path = "MediaApp/PhotoEntity+CoreDataProperties.swift"; sourceTree = SOURCE_ROOT; };
		826B19D62D11BD5E0056D4F9 /* PhotoKeys.swift */ = {isa = PBXFileReference; lastKnownFileType = sourcecode.swift; path = PhotoKeys.swift; sourceTree = "<group>"; };
		826B19D82D11C1E80056D4F9 /* PhotoInfo.swift */ = {isa = PBXFileReference; lastKnownFileType = sourcecode.swift; path = PhotoInfo.swift; sourceTree = "<group>"; };
		826B19DA2D11CD290056D4F9 /* PhotoModel.swift */ = {isa = PBXFileReference; lastKnownFileType = sourcecode.swift; path = PhotoModel.swift; sourceTree = "<group>"; };
		F4D331A6FC25F5A447E845A2 /* Pods_MediaApp.framework */ = {isa = PBXFileReference; explicitFileType = wrapper.framework; includeInIndex = 0; path = Pods_MediaApp.framework; sourceTree = BUILT_PRODUCTS_DIR; };
/* End PBXFileReference section */

/* Begin PBXFrameworksBuildPhase section */
		826B19422D1039FA0056D4F9 /* Frameworks */ = {
			isa = PBXFrameworksBuildPhase;
			buildActionMask = 2147483647;
			files = (
				726D19A3578F9A2FADDC5277 /* Pods_MediaApp.framework in Frameworks */,
			);
			runOnlyForDeploymentPostprocessing = 0;
		};
/* End PBXFrameworksBuildPhase section */

/* Begin PBXGroup section */
		24D6351CB7E3D4A809067CA0 /* Frameworks */ = {
			isa = PBXGroup;
			children = (
				F4D331A6FC25F5A447E845A2 /* Pods_MediaApp.framework */,
			);
			name = Frameworks;
			sourceTree = "<group>";
		};
		826B193C2D1039FA0056D4F9 = {
			isa = PBXGroup;
			children = (
				826B196E2D103DA30056D4F9 /* .gitignore */,
				826B19662D103AA10056D4F9 /* MediaApp */,
				826B19462D1039FA0056D4F9 /* Products */,
				DDE5F1D6229E8CE646686BF3 /* Pods */,
				24D6351CB7E3D4A809067CA0 /* Frameworks */,
			);
			sourceTree = "<group>";
		};
		826B19462D1039FA0056D4F9 /* Products */ = {
			isa = PBXGroup;
			children = (
				826B19452D1039FA0056D4F9 /* MediaApp.app */,
			);
			name = Products;
			sourceTree = "<group>";
		};
		826B19662D103AA10056D4F9 /* MediaApp */ = {
			isa = PBXGroup;
			children = (
				826B195D2D103AA10056D4F9 /* AppDelegate.swift */,
				826B19642D103AA10056D4F9 /* SceneDelegate.swift */,
				826B19862D1054C80056D4F9 /* Router.swift */,
				826B19882D1055940056D4F9 /* Assembly.swift */,
				826B19BE2D11B21F0056D4F9 /* DataLayer */,
				826B19992D116AB00056D4F9 /* NetwokLayer */,
				826B19702D104F5E0056D4F9 /* Modules */,
				826B19982D1164AF0056D4F9 /* Extensions */,
				826B199E2D116B5E0056D4F9 /* Errors */,
				826B198E2D10730D0056D4F9 /* GlobalConstants.swift */,
				826B195E2D103AA10056D4F9 /* Assets.xcassets */,
				826B195F2D103AA10056D4F9 /* Info.plist */,
				826B19612D103AA10056D4F9 /* LaunchScreen.storyboard */,
			);
			path = MediaApp;
			sourceTree = "<group>";
		};
		826B19702D104F5E0056D4F9 /* Modules */ = {
			isa = PBXGroup;
			children = (
				826B19DA2D11CD290056D4F9 /* PhotoModel.swift */,
				826B19722D1051F80056D4F9 /* RandomModule */,
				826B19732D10525A0056D4F9 /* FavoriteModule */,
				826B19742D1052640056D4F9 /* DetailModule */,
			);
			path = Modules;
			sourceTree = "<group>";
		};
		826B19722D1051F80056D4F9 /* RandomModule */ = {
			isa = PBXGroup;
			children = (
				826B197D2D1052F90056D4F9 /* View */,
				826B197C2D1052EE0056D4F9 /* Presenter */,
			);
			path = RandomModule;
			sourceTree = "<group>";
		};
		826B19732D10525A0056D4F9 /* FavoriteModule */ = {
			isa = PBXGroup;
			children = (
				826B197E2D1053100056D4F9 /* View */,
				826B197F2D1053160056D4F9 /* Presenter */,
			);
			path = FavoriteModule;
			sourceTree = "<group>";
		};
		826B19742D1052640056D4F9 /* DetailModule */ = {
			isa = PBXGroup;
			children = (
				826B19812D10532B0056D4F9 /* View */,
				826B19822D1053340056D4F9 /* Presenter */,
				826B19832D1053380056D4F9 /* Model */,
			);
			path = DetailModule;
			sourceTree = "<group>";
		};
		826B197C2D1052EE0056D4F9 /* Presenter */ = {
			isa = PBXGroup;
			children = (
				826B19842D1054330056D4F9 /* RandomPresenter.swift */,
			);
			path = Presenter;
			sourceTree = "<group>";
		};
		826B197D2D1052F90056D4F9 /* View */ = {
			isa = PBXGroup;
			children = (
				826B19652D103AA10056D4F9 /* RandomViewController.swift */,
				826B19922D107B570056D4F9 /* RandomCollectionViewCell.swift */,
			);
			path = View;
			sourceTree = "<group>";
		};
		826B197E2D1053100056D4F9 /* View */ = {
			isa = PBXGroup;
			children = (
				826B19772D1052D50056D4F9 /* FavoriteViewController.swift */,
				826B19942D1094C80056D4F9 /* FavoriteTableViewCell.swift */,
			);
			path = View;
			sourceTree = "<group>";
		};
		826B197F2D1053160056D4F9 /* Presenter */ = {
			isa = PBXGroup;
			children = (
				826B198A2D105B900056D4F9 /* FavoritePresenter.swift */,
			);
			path = Presenter;
			sourceTree = "<group>";
		};
		826B19812D10532B0056D4F9 /* View */ = {
			isa = PBXGroup;
			children = (
				826B19792D1052DD0056D4F9 /* DetailViewController.swift */,
			);
			path = View;
			sourceTree = "<group>";
		};
		826B19822D1053340056D4F9 /* Presenter */ = {
			isa = PBXGroup;
			children = (
				826B198C2D105BC10056D4F9 /* DetailPresenter.swift */,
			);
			path = Presenter;
			sourceTree = "<group>";
		};
		826B19832D1053380056D4F9 /* Model */ = {
			isa = PBXGroup;
			children = (
				826B19D82D11C1E80056D4F9 /* PhotoInfo.swift */,
			);
			path = Model;
			sourceTree = "<group>";
		};
		826B19982D1164AF0056D4F9 /* Extensions */ = {
			isa = PBXGroup;
			children = (
				826B19962D1164A40056D4F9 /* ImageExtension.swift */,
			);
			path = Extensions;
			sourceTree = "<group>";
		};
		826B19992D116AB00056D4F9 /* NetwokLayer */ = {
			isa = PBXGroup;
			children = (
				826B19B02D1193CA0056D4F9 /* NetworkManager.swift */,
				826B19B42D1197AF0056D4F9 /* ImageLoader.swift */,
				826B199A2D116AF80056D4F9 /* NetworkRouter.swift */,
				826B19A72D118ADB0056D4F9 /* UnsplashAPI */,
				826B199C2D116B180056D4F9 /* EndPointType.swift */,
			);
			path = NetwokLayer;
			sourceTree = "<group>";
		};
		826B199E2D116B5E0056D4F9 /* Errors */ = {
			isa = PBXGroup;
			children = (
				826B199F2D116B750056D4F9 /* NetworkError.swift */,
				826B19BC2D11B1650056D4F9 /* StorageError.swift */,
			);
			path = Errors;
			sourceTree = "<group>";
		};
		826B19A72D118ADB0056D4F9 /* UnsplashAPI */ = {
			isa = PBXGroup;
			children = (
				826B19A12D11802F0056D4F9 /* UnsplashAPIEndPoint.swift */,
				826B19A82D118AEE0056D4F9 /* Responses */,
			);
			path = UnsplashAPI;
			sourceTree = "<group>";
		};
		826B19A82D118AEE0056D4F9 /* Responses */ = {
			isa = PBXGroup;
			children = (
				826B19A32D1180480056D4F9 /* SearchResponse.swift */,
				826B19AE2D11915C0056D4F9 /* RandomResponse.swift */,
				826B19AA2D118F2C0056D4F9 /* PhotoResponse.swift */,
				826B19AC2D118FBA0056D4F9 /* AdditionalStructs.swift */,
			);
			path = Responses;
			sourceTree = "<group>";
		};
		826B19BE2D11B21F0056D4F9 /* DataLayer */ = {
			isa = PBXGroup;
			children = (
				826B19B62D11AED80056D4F9 /* DataManager.swift */,
				826B19B82D11B1200056D4F9 /* Storage.swift */,
				826B19BA2D11B1380056D4F9 /* CoreDataStorageProtocols.swift */,
				826B19D62D11BD5E0056D4F9 /* PhotoKeys.swift */,
				826B19D52D11BB6E0056D4F9 /* CoreDataModel */,
			);
			path = DataLayer;
			sourceTree = "<group>";
		};
		826B19D52D11BB6E0056D4F9 /* CoreDataModel */ = {
			isa = PBXGroup;
			children = (
				826B19CE2D11BA8D0056D4F9 /* MediaModel.xcdatamodeld */,
				826B19D12D11BB2E0056D4F9 /* PhotoEntity+CoreDataClass.swift */,
				826B19D22D11BB2E0056D4F9 /* PhotoEntity+CoreDataProperties.swift */,
			);
			path = CoreDataModel;
			sourceTree = "<group>";
		};
		DDE5F1D6229E8CE646686BF3 /* Pods */ = {
			isa = PBXGroup;
			children = (
				3C4F987F9C904B573D32E597 /* Pods-MediaApp.debug.xcconfig */,
				13995F5C85815FE0562696A6 /* Pods-MediaApp.release.xcconfig */,
			);
			path = Pods;
			sourceTree = "<group>";
		};
/* End PBXGroup section */

/* Begin PBXNativeTarget section */
		826B19442D1039FA0056D4F9 /* MediaApp */ = {
			isa = PBXNativeTarget;
			buildConfigurationList = 826B19582D1039FD0056D4F9 /* Build configuration list for PBXNativeTarget "MediaApp" */;
			buildPhases = (
				4E1288199EE64A5A74411DC5 /* [CP] Check Pods Manifest.lock */,
				826B19412D1039FA0056D4F9 /* Sources */,
				826B19422D1039FA0056D4F9 /* Frameworks */,
				826B19432D1039FA0056D4F9 /* Resources */,
				2E55779C439CA8C83EE5E24C /* [CP] Embed Pods Frameworks */,
			);
			buildRules = (
			);
			dependencies = (
			);
			name = MediaApp;
			productName = MediaApp;
			productReference = 826B19452D1039FA0056D4F9 /* MediaApp.app */;
			productType = "com.apple.product-type.application";
		};
/* End PBXNativeTarget section */

/* Begin PBXProject section */
		826B193D2D1039FA0056D4F9 /* Project object */ = {
			isa = PBXProject;
			attributes = {
				BuildIndependentTargetsInParallel = 1;
				LastSwiftUpdateCheck = 1610;
				LastUpgradeCheck = 1610;
				TargetAttributes = {
					826B19442D1039FA0056D4F9 = {
						CreatedOnToolsVersion = 16.1;
					};
				};
			};
			buildConfigurationList = 826B19402D1039FA0056D4F9 /* Build configuration list for PBXProject "MediaApp" */;
			developmentRegion = en;
			hasScannedForEncodings = 0;
			knownRegions = (
				en,
				Base,
			);
			mainGroup = 826B193C2D1039FA0056D4F9;
			minimizedProjectReferenceProxies = 1;
			preferredProjectObjectVersion = 77;
			productRefGroup = 826B19462D1039FA0056D4F9 /* Products */;
			projectDirPath = "";
			projectRoot = "";
			targets = (
				826B19442D1039FA0056D4F9 /* MediaApp */,
			);
		};
/* End PBXProject section */

/* Begin PBXResourcesBuildPhase section */
		826B19432D1039FA0056D4F9 /* Resources */ = {
			isa = PBXResourcesBuildPhase;
			buildActionMask = 2147483647;
			files = (
				826B196A2D103AA10056D4F9 /* Assets.xcassets in Resources */,
				826B196F2D103DA30056D4F9 /* .gitignore in Resources */,
				826B196C2D103AA10056D4F9 /* LaunchScreen.storyboard in Resources */,
			);
			runOnlyForDeploymentPostprocessing = 0;
		};
/* End PBXResourcesBuildPhase section */

/* Begin PBXShellScriptBuildPhase section */
		2E55779C439CA8C83EE5E24C /* [CP] Embed Pods Frameworks */ = {
			isa = PBXShellScriptBuildPhase;
			buildActionMask = 2147483647;
			files = (
			);
			inputFileListPaths = (
				"${PODS_ROOT}/Target Support Files/Pods-MediaApp/Pods-MediaApp-frameworks-${CONFIGURATION}-input-files.xcfilelist",
			);
			name = "[CP] Embed Pods Frameworks";
			outputFileListPaths = (
				"${PODS_ROOT}/Target Support Files/Pods-MediaApp/Pods-MediaApp-frameworks-${CONFIGURATION}-output-files.xcfilelist",
			);
			runOnlyForDeploymentPostprocessing = 0;
			shellPath = /bin/sh;
			shellScript = "\"${PODS_ROOT}/Target Support Files/Pods-MediaApp/Pods-MediaApp-frameworks.sh\"\n";
			showEnvVarsInLog = 0;
		};
		4E1288199EE64A5A74411DC5 /* [CP] Check Pods Manifest.lock */ = {
			isa = PBXShellScriptBuildPhase;
			buildActionMask = 2147483647;
			files = (
			);
			inputFileListPaths = (
			);
			inputPaths = (
				"${PODS_PODFILE_DIR_PATH}/Podfile.lock",
				"${PODS_ROOT}/Manifest.lock",
			);
			name = "[CP] Check Pods Manifest.lock";
			outputFileListPaths = (
			);
			outputPaths = (
				"$(DERIVED_FILE_DIR)/Pods-MediaApp-checkManifestLockResult.txt",
			);
			runOnlyForDeploymentPostprocessing = 0;
			shellPath = /bin/sh;
			shellScript = "diff \"${PODS_PODFILE_DIR_PATH}/Podfile.lock\" \"${PODS_ROOT}/Manifest.lock\" > /dev/null\nif [ $? != 0 ] ; then\n    # print error to STDERR\n    echo \"error: The sandbox is not in sync with the Podfile.lock. Run 'pod install' or update your CocoaPods installation.\" >&2\n    exit 1\nfi\n# This output is used by Xcode 'outputs' to avoid re-running this script phase.\necho \"SUCCESS\" > \"${SCRIPT_OUTPUT_FILE_0}\"\n";
			showEnvVarsInLog = 0;
		};
/* End PBXShellScriptBuildPhase section */

/* Begin PBXSourcesBuildPhase section */
		826B19412D1039FA0056D4F9 /* Sources */ = {
			isa = PBXSourcesBuildPhase;
			buildActionMask = 2147483647;
			files = (
				826B19B12D1193CA0056D4F9 /* NetworkManager.swift in Sources */,
				826B19BB2D11B1490056D4F9 /* CoreDataStorageProtocols.swift in Sources */,
				826B19A42D1180480056D4F9 /* SearchResponse.swift in Sources */,
				826B19A02D116B750056D4F9 /* NetworkError.swift in Sources */,
				826B199D2D116B180056D4F9 /* EndPointType.swift in Sources */,
				826B19AB2D118F2C0056D4F9 /* PhotoResponse.swift in Sources */,
				826B19672D103AA10056D4F9 /* AppDelegate.swift in Sources */,
				826B19AD2D118FCB0056D4F9 /* AdditionalStructs.swift in Sources */,
				826B19892D1055940056D4F9 /* Assembly.swift in Sources */,
				826B199B2D116AF80056D4F9 /* NetworkRouter.swift in Sources */,
				826B19682D103AA10056D4F9 /* SceneDelegate.swift in Sources */,
				826B19972D1164AC0056D4F9 /* ImageExtension.swift in Sources */,
				826B198D2D105BC60056D4F9 /* DetailPresenter.swift in Sources */,
				826B19AF2D11916B0056D4F9 /* RandomResponse.swift in Sources */,
				826B197A2D1052DD0056D4F9 /* DetailViewController.swift in Sources */,
				826B19B52D1197AF0056D4F9 /* ImageLoader.swift in Sources */,
				826B19D72D11BD650056D4F9 /* PhotoKeys.swift in Sources */,
				826B19932D107B570056D4F9 /* RandomCollectionViewCell.swift in Sources */,
				826B19D92D11C1F20056D4F9 /* PhotoInfo.swift in Sources */,
				826B198F2D10730D0056D4F9 /* GlobalConstants.swift in Sources */,
				826B19952D1094C80056D4F9 /* FavoriteTableViewCell.swift in Sources */,
				826B19872D1054CA0056D4F9 /* Router.swift in Sources */,
				826B19782D1052D50056D4F9 /* FavoriteViewController.swift in Sources */,
				826B198B2D105B960056D4F9 /* FavoritePresenter.swift in Sources */,
				826B19B72D11AEDB0056D4F9 /* DataManager.swift in Sources */,
				826B19A22D11802F0056D4F9 /* UnsplashAPIEndPoint.swift in Sources */,
				826B19D02D11BA8D0056D4F9 /* MediaModel.xcdatamodeld in Sources */,
				826B19BD2D11B1690056D4F9 /* StorageError.swift in Sources */,
				826B19D32D11BB2E0056D4F9 /* PhotoEntity+CoreDataProperties.swift in Sources */,
				826B19D42D11BB2E0056D4F9 /* PhotoEntity+CoreDataClass.swift in Sources */,
				826B19DB2D11CD380056D4F9 /* PhotoModel.swift in Sources */,
				826B19692D103AA10056D4F9 /* RandomViewController.swift in Sources */,
				826B19852D10543A0056D4F9 /* RandomPresenter.swift in Sources */,
				826B19B92D11B1200056D4F9 /* Storage.swift in Sources */,
			);
			runOnlyForDeploymentPostprocessing = 0;
		};
/* End PBXSourcesBuildPhase section */

/* Begin PBXVariantGroup section */
		826B19612D103AA10056D4F9 /* LaunchScreen.storyboard */ = {
			isa = PBXVariantGroup;
			children = (
				826B19602D103AA10056D4F9 /* Base */,
			);
			name = LaunchScreen.storyboard;
			sourceTree = "<group>";
		};
/* End PBXVariantGroup section */

/* Begin XCBuildConfiguration section */
		826B19592D1039FD0056D4F9 /* Debug */ = {
			isa = XCBuildConfiguration;
			baseConfigurationReference = 3C4F987F9C904B573D32E597 /* Pods-MediaApp.debug.xcconfig */;
			buildSettings = {
				ASSETCATALOG_COMPILER_APPICON_NAME = AppIcon;
				ASSETCATALOG_COMPILER_GLOBAL_ACCENT_COLOR_NAME = AccentColor;
				CODE_SIGN_STYLE = Automatic;
				CURRENT_PROJECT_VERSION = 1;
				DEVELOPMENT_TEAM = BMJF63URC7;
				GENERATE_INFOPLIST_FILE = YES;
				INFOPLIST_FILE = MediaApp/Info.plist;
				INFOPLIST_KEY_UIApplicationSupportsIndirectInputEvents = YES;
				INFOPLIST_KEY_UILaunchStoryboardName = LaunchScreen;
				INFOPLIST_KEY_UISupportedInterfaceOrientations = UIInterfaceOrientationPortrait;
				INFOPLIST_KEY_UISupportedInterfaceOrientations_iPad = "UIInterfaceOrientationLandscapeLeft UIInterfaceOrientationLandscapeRight UIInterfaceOrientationPortrait UIInterfaceOrientationPortraitUpsideDown";
				LD_RUNPATH_SEARCH_PATHS = (
					"$(inherited)",
					"@executable_path/Frameworks",
				);
				MARKETING_VERSION = 1.0;
				PRODUCT_BUNDLE_IDENTIFIER = studying.MediaApp;
				PRODUCT_NAME = "$(TARGET_NAME)";
				SUPPORTED_PLATFORMS = "iphoneos iphonesimulator";
				SUPPORTS_MACCATALYST = NO;
				SUPPORTS_MAC_DESIGNED_FOR_IPHONE_IPAD = NO;
				SUPPORTS_XR_DESIGNED_FOR_IPHONE_IPAD = NO;
				SWIFT_EMIT_LOC_STRINGS = YES;
				SWIFT_VERSION = 5.0;
				TARGETED_DEVICE_FAMILY = 1;
			};
			name = Debug;
		};
		826B195A2D1039FD0056D4F9 /* Release */ = {
			isa = XCBuildConfiguration;
			baseConfigurationReference = 13995F5C85815FE0562696A6 /* Pods-MediaApp.release.xcconfig */;
			buildSettings = {
				ASSETCATALOG_COMPILER_APPICON_NAME = AppIcon;
				ASSETCATALOG_COMPILER_GLOBAL_ACCENT_COLOR_NAME = AccentColor;
				CODE_SIGN_STYLE = Automatic;
				CURRENT_PROJECT_VERSION = 1;
				DEVELOPMENT_TEAM = BMJF63URC7;
				GENERATE_INFOPLIST_FILE = YES;
				INFOPLIST_FILE = MediaApp/Info.plist;
				INFOPLIST_KEY_UIApplicationSupportsIndirectInputEvents = YES;
				INFOPLIST_KEY_UILaunchStoryboardName = LaunchScreen;
				INFOPLIST_KEY_UISupportedInterfaceOrientations = UIInterfaceOrientationPortrait;
				INFOPLIST_KEY_UISupportedInterfaceOrientations_iPad = "UIInterfaceOrientationLandscapeLeft UIInterfaceOrientationLandscapeRight UIInterfaceOrientationPortrait UIInterfaceOrientationPortraitUpsideDown";
				LD_RUNPATH_SEARCH_PATHS = (
					"$(inherited)",
					"@executable_path/Frameworks",
				);
				MARKETING_VERSION = 1.0;
				PRODUCT_BUNDLE_IDENTIFIER = studying.MediaApp;
				PRODUCT_NAME = "$(TARGET_NAME)";
				SUPPORTED_PLATFORMS = "iphoneos iphonesimulator";
				SUPPORTS_MACCATALYST = NO;
				SUPPORTS_MAC_DESIGNED_FOR_IPHONE_IPAD = NO;
				SUPPORTS_XR_DESIGNED_FOR_IPHONE_IPAD = NO;
				SWIFT_EMIT_LOC_STRINGS = YES;
				SWIFT_VERSION = 5.0;
				TARGETED_DEVICE_FAMILY = 1;
			};
			name = Release;
		};
		826B195B2D1039FD0056D4F9 /* Debug */ = {
			isa = XCBuildConfiguration;
			buildSettings = {
				ALWAYS_SEARCH_USER_PATHS = NO;
				ASSETCATALOG_COMPILER_GENERATE_SWIFT_ASSET_SYMBOL_EXTENSIONS = YES;
				CLANG_ANALYZER_NONNULL = YES;
				CLANG_ANALYZER_NUMBER_OBJECT_CONVERSION = YES_AGGRESSIVE;
				CLANG_CXX_LANGUAGE_STANDARD = "gnu++20";
				CLANG_ENABLE_MODULES = YES;
				CLANG_ENABLE_OBJC_ARC = YES;
				CLANG_ENABLE_OBJC_WEAK = YES;
				CLANG_WARN_BLOCK_CAPTURE_AUTORELEASING = YES;
				CLANG_WARN_BOOL_CONVERSION = YES;
				CLANG_WARN_COMMA = YES;
				CLANG_WARN_CONSTANT_CONVERSION = YES;
				CLANG_WARN_DEPRECATED_OBJC_IMPLEMENTATIONS = YES;
				CLANG_WARN_DIRECT_OBJC_ISA_USAGE = YES_ERROR;
				CLANG_WARN_DOCUMENTATION_COMMENTS = YES;
				CLANG_WARN_EMPTY_BODY = YES;
				CLANG_WARN_ENUM_CONVERSION = YES;
				CLANG_WARN_INFINITE_RECURSION = YES;
				CLANG_WARN_INT_CONVERSION = YES;
				CLANG_WARN_NON_LITERAL_NULL_CONVERSION = YES;
				CLANG_WARN_OBJC_IMPLICIT_RETAIN_SELF = YES;
				CLANG_WARN_OBJC_LITERAL_CONVERSION = YES;
				CLANG_WARN_OBJC_ROOT_CLASS = YES_ERROR;
				CLANG_WARN_QUOTED_INCLUDE_IN_FRAMEWORK_HEADER = YES;
				CLANG_WARN_RANGE_LOOP_ANALYSIS = YES;
				CLANG_WARN_STRICT_PROTOTYPES = YES;
				CLANG_WARN_SUSPICIOUS_MOVE = YES;
				CLANG_WARN_UNGUARDED_AVAILABILITY = YES_AGGRESSIVE;
				CLANG_WARN_UNREACHABLE_CODE = YES;
				CLANG_WARN__DUPLICATE_METHOD_MATCH = YES;
				COPY_PHASE_STRIP = NO;
				DEBUG_INFORMATION_FORMAT = dwarf;
				ENABLE_STRICT_OBJC_MSGSEND = YES;
				ENABLE_TESTABILITY = YES;
				ENABLE_USER_SCRIPT_SANDBOXING = NO;
				GCC_C_LANGUAGE_STANDARD = gnu17;
				GCC_DYNAMIC_NO_PIC = NO;
				GCC_NO_COMMON_BLOCKS = YES;
				GCC_OPTIMIZATION_LEVEL = 0;
				GCC_PREPROCESSOR_DEFINITIONS = (
					"DEBUG=1",
					"$(inherited)",
				);
				GCC_WARN_64_TO_32_BIT_CONVERSION = YES;
				GCC_WARN_ABOUT_RETURN_TYPE = YES_ERROR;
				GCC_WARN_UNDECLARED_SELECTOR = YES;
				GCC_WARN_UNINITIALIZED_AUTOS = YES_AGGRESSIVE;
				GCC_WARN_UNUSED_FUNCTION = YES;
				GCC_WARN_UNUSED_VARIABLE = YES;
				IPHONEOS_DEPLOYMENT_TARGET = 18.1;
				LOCALIZATION_PREFERS_STRING_CATALOGS = YES;
				MTL_ENABLE_DEBUG_INFO = INCLUDE_SOURCE;
				MTL_FAST_MATH = YES;
				ONLY_ACTIVE_ARCH = YES;
				SDKROOT = iphoneos;
				SWIFT_ACTIVE_COMPILATION_CONDITIONS = "DEBUG $(inherited)";
				SWIFT_OPTIMIZATION_LEVEL = "-Onone";
			};
			name = Debug;
		};
		826B195C2D1039FD0056D4F9 /* Release */ = {
			isa = XCBuildConfiguration;
			buildSettings = {
				ALWAYS_SEARCH_USER_PATHS = NO;
				ASSETCATALOG_COMPILER_GENERATE_SWIFT_ASSET_SYMBOL_EXTENSIONS = YES;
				CLANG_ANALYZER_NONNULL = YES;
				CLANG_ANALYZER_NUMBER_OBJECT_CONVERSION = YES_AGGRESSIVE;
				CLANG_CXX_LANGUAGE_STANDARD = "gnu++20";
				CLANG_ENABLE_MODULES = YES;
				CLANG_ENABLE_OBJC_ARC = YES;
				CLANG_ENABLE_OBJC_WEAK = YES;
				CLANG_WARN_BLOCK_CAPTURE_AUTORELEASING = YES;
				CLANG_WARN_BOOL_CONVERSION = YES;
				CLANG_WARN_COMMA = YES;
				CLANG_WARN_CONSTANT_CONVERSION = YES;
				CLANG_WARN_DEPRECATED_OBJC_IMPLEMENTATIONS = YES;
				CLANG_WARN_DIRECT_OBJC_ISA_USAGE = YES_ERROR;
				CLANG_WARN_DOCUMENTATION_COMMENTS = YES;
				CLANG_WARN_EMPTY_BODY = YES;
				CLANG_WARN_ENUM_CONVERSION = YES;
				CLANG_WARN_INFINITE_RECURSION = YES;
				CLANG_WARN_INT_CONVERSION = YES;
				CLANG_WARN_NON_LITERAL_NULL_CONVERSION = YES;
				CLANG_WARN_OBJC_IMPLICIT_RETAIN_SELF = YES;
				CLANG_WARN_OBJC_LITERAL_CONVERSION = YES;
				CLANG_WARN_OBJC_ROOT_CLASS = YES_ERROR;
				CLANG_WARN_QUOTED_INCLUDE_IN_FRAMEWORK_HEADER = YES;
				CLANG_WARN_RANGE_LOOP_ANALYSIS = YES;
				CLANG_WARN_STRICT_PROTOTYPES = YES;
				CLANG_WARN_SUSPICIOUS_MOVE = YES;
				CLANG_WARN_UNGUARDED_AVAILABILITY = YES_AGGRESSIVE;
				CLANG_WARN_UNREACHABLE_CODE = YES;
				CLANG_WARN__DUPLICATE_METHOD_MATCH = YES;
				COPY_PHASE_STRIP = NO;
				DEBUG_INFORMATION_FORMAT = "dwarf-with-dsym";
				ENABLE_NS_ASSERTIONS = NO;
				ENABLE_STRICT_OBJC_MSGSEND = YES;
				ENABLE_USER_SCRIPT_SANDBOXING = NO;
				GCC_C_LANGUAGE_STANDARD = gnu17;
				GCC_NO_COMMON_BLOCKS = YES;
				GCC_WARN_64_TO_32_BIT_CONVERSION = YES;
				GCC_WARN_ABOUT_RETURN_TYPE = YES_ERROR;
				GCC_WARN_UNDECLARED_SELECTOR = YES;
				GCC_WARN_UNINITIALIZED_AUTOS = YES_AGGRESSIVE;
				GCC_WARN_UNUSED_FUNCTION = YES;
				GCC_WARN_UNUSED_VARIABLE = YES;
				IPHONEOS_DEPLOYMENT_TARGET = 18.1;
				LOCALIZATION_PREFERS_STRING_CATALOGS = YES;
				MTL_ENABLE_DEBUG_INFO = NO;
				MTL_FAST_MATH = YES;
				SDKROOT = iphoneos;
				SWIFT_COMPILATION_MODE = wholemodule;
				VALIDATE_PRODUCT = YES;
			};
			name = Release;
		};
/* End XCBuildConfiguration section */

/* Begin XCConfigurationList section */
		826B19402D1039FA0056D4F9 /* Build configuration list for PBXProject "MediaApp" */ = {
			isa = XCConfigurationList;
			buildConfigurations = (
				826B195B2D1039FD0056D4F9 /* Debug */,
				826B195C2D1039FD0056D4F9 /* Release */,
			);
			defaultConfigurationIsVisible = 0;
			defaultConfigurationName = Release;
		};
		826B19582D1039FD0056D4F9 /* Build configuration list for PBXNativeTarget "MediaApp" */ = {
			isa = XCConfigurationList;
			buildConfigurations = (
				826B19592D1039FD0056D4F9 /* Debug */,
				826B195A2D1039FD0056D4F9 /* Release */,
			);
			defaultConfigurationIsVisible = 0;
			defaultConfigurationName = Release;
		};
/* End XCConfigurationList section */

/* Begin XCVersionGroup section */
		826B19CE2D11BA8D0056D4F9 /* MediaModel.xcdatamodeld */ = {
			isa = XCVersionGroup;
			children = (
				826B19CF2D11BA8D0056D4F9 /* MediaModel.xcdatamodel */,
			);
			currentVersion = 826B19CF2D11BA8D0056D4F9 /* MediaModel.xcdatamodel */;
			path = MediaModel.xcdatamodeld;
			sourceTree = "<group>";
			versionGroupType = wrapper.xcdatamodel;
		};
/* End XCVersionGroup section */
	};
	rootObject = 826B193D2D1039FA0056D4F9 /* Project object */;
}
